version = 5
projectResolutionFingerprint = "sha256:ef87aa09a6aefd4b4fc396fcc08168cf4bb837ff599165df076d9e3adf4a147a"
projectResolutionInputFingerprints = ["dependencies.compile=sha256:796dce3244bf081dba8ff26a6af3a0963567e4bf70687e715041bdd742f3db6d", "framework.quarkus=sha256:68d7c5d5cedc29b433b63ce5b53c7054a4c27e79e03430701582a1b1d5cea01f", "framework.springBoot.native=sha256:92f88357bc81a539a14f201ee0d0a7525b5e4e2acaf07f0e9b826964bb5a4b63", "java=sha256:fda3a3e438244e08721bfc730e9f34ef4ee260820f6fbcd44a4c64601a93bf71", "package=sha256:1ae86c65b1e6e588a2c7b97e49de5aa12a31ace329e1253d80d6be0028c0ec59", "repositories=sha256:e01822fdeeed818adfc2169ed3a3c6e24d67f4455bfc41e52af4d25221a85c51", "schema=sha256:5c48b263086f330542d7f620f6e05a9d4f2ffe1ca79d8b531d03ea3cbc6f9b15"]

[[package]]
id = "com.google.code.findbugs:jsr305"
version = "3.0.2"
source = "maven-central"
scope = "compile"
direct = false
jar = "com/google/code/findbugs/jsr305/3.0.2/jsr305-3.0.2.jar"
pom = "com/google/code/findbugs/jsr305/3.0.2/jsr305-3.0.2.pom"
jarSha256 = "766ad2a0783f2687962c8ad74ceecc38a28b9f72a2d085ee438b7813e928d0c7"
pomSha256 = "19889dbdf1b254b2601a5ee645b8147a974644882297684c798afe5d63d78dfe"
dependencies = []

[[package]]
id = "com.google.errorprone:error_prone_annotations"
version = "2.7.1"
source = "maven-central"
scope = "compile"
direct = false
jar = "com/google/errorprone/error_prone_annotations/2.7.1/error_prone_annotations-2.7.1.jar"
pom = "com/google/errorprone/error_prone_annotations/2.7.1/error_prone_annotations-2.7.1.pom"
jarSha256 = "cd5257c08a246cf8628817ae71cb822be192ef91f6881ca4a3fcff4f1de1cff3"
pomSha256 = "31a872e1149c5f3a8bc05fb4de455e5ea608ecfad1af222cb7637ca6c762ee25"
dependencies = []

[[package]]
id = "com.google.guava:failureaccess"
version = "1.0.1"
source = "maven-central"
scope = "compile"
direct = false
jar = "com/google/guava/failureaccess/1.0.1/failureaccess-1.0.1.jar"
pom = "com/google/guava/failureaccess/1.0.1/failureaccess-1.0.1.pom"
jarSha256 = "a171ee4c734dd2da837e4b16be9df4661afab72a41adaf31eb84dfdaf936ca26"
pomSha256 = "e96042ce78fecba0da2be964522947c87b40a291b5fd3cd672a434924103c4b9"
dependencies = []

[[package]]
id = "com.google.guava:guava"
version = "31.0-jre"
source = "maven-central"
scope = "compile"
direct = true
jar = "com/google/guava/guava/31.0-jre/guava-31.0-jre.jar"
pom = "com/google/guava/guava/31.0-jre/guava-31.0-jre.pom"
jarSha256 = "040d17b7a434c3e7908d2b51b3e18b30535029cc3edf1f9e3945faed78ad3eab"
pomSha256 = "269458fe10831f4da460418a30e7c0ef10b49a8478c368ce3436aa16d752939b"
dependencies = ["com.google.code.findbugs:jsr305:3.0.2:jar:compile", "com.google.errorprone:error_prone_annotations:2.7.1:jar:compile", "com.google.guava:failureaccess:1.0.1:jar:compile", "com.google.guava:listenablefuture:9999.0-empty-to-avoid-conflict-with-guava:jar:compile", "com.google.j2objc:j2objc-annotations:1.3:jar:compile", "org.checkerframework:checker-qual:3.12.0:jar:compile"]

[[package]]
id = "com.google.guava:listenablefuture"
version = "9999.0-empty-to-avoid-conflict-with-guava"
source = "maven-central"
scope = "compile"
direct = false
jar = "com/google/guava/listenablefuture/9999.0-empty-to-avoid-conflict-with-guava/listenablefuture-9999.0-empty-to-avoid-conflict-with-guava.jar"
pom = "com/google/guava/listenablefuture/9999.0-empty-to-avoid-conflict-with-guava/listenablefuture-9999.0-empty-to-avoid-conflict-with-guava.pom"
jarSha256 = "b372a037d4230aa57fbeffdef30fd6123f9c0c2db85d0aced00c91b974f33f99"
pomSha256 = "18d4b1db26153d4e55079ce1f76bb1fe05cdb862ef9954a88cbcc4ff38b8679b"
dependencies = []

[[package]]
id = "com.google.j2objc:j2objc-annotations"
version = "1.3"
source = "maven-central"
scope = "compile"
direct = false
jar = "com/google/j2objc/j2objc-annotations/1.3/j2objc-annotations-1.3.jar"
pom = "com/google/j2objc/j2objc-annotations/1.3/j2objc-annotations-1.3.pom"
jarSha256 = "21af30c92267bd6122c0e0b4d20cccb6641a37eaf956c6540ec471d584e64a7b"
pomSha256 = "5faca824ba115bee458730337dfdb2fcea46ba2fd774d4304edbf30fa6a3f055"
dependencies = []

[[package]]
id = "org.checkerframework:checker-qual"
version = "3.12.0"
source = "maven-central"
scope = "compile"
direct = false
jar = "org/checkerframework/checker-qual/3.12.0/checker-qual-3.12.0.jar"
pom = "org/checkerframework/checker-qual/3.12.0/checker-qual-3.12.0.pom"
jarSha256 = "ff10785ac2a357ec5de9c293cb982a2cbb605c0309ea4cc1cb9b9bc6dbe7f3cb"
pomSha256 = "775b7ae36e62820b3b86dc1aa39af37c0ac4b85ff48f7fe485a922a2790f46b9"
dependencies = []

